// !$*UTF8*$!
{
	archiveVersion = 1;
	classes = {
	};
	objectVersion = 50;
	objects = {

/* Begin PBXBuildFile section */
		2B5E08202237A5DC005A3E68 /* AppDelegate.swift in Sources */ = {isa = PBXBuildFile; fileRef = 2B5E081F2237A5DC005A3E68 /* AppDelegate.swift */; };
		2B5E08222237A5DC005A3E68 /* ViewController.swift in Sources */ = {isa = PBXBuildFile; fileRef = 2B5E08212237A5DC005A3E68 /* ViewController.swift */; };
		2B5E08252237A5DC005A3E68 /* Main.storyboard in Resources */ = {isa = PBXBuildFile; fileRef = 2B5E08232237A5DC005A3E68 /* Main.storyboard */; };
		2B5E08272237A5DD005A3E68 /* Assets.xcassets in Resources */ = {isa = PBXBuildFile; fileRef = 2B5E08262237A5DD005A3E68 /* Assets.xcassets */; };
		2B5E082A2237A5DD005A3E68 /* LaunchScreen.storyboard in Resources */ = {isa = PBXBuildFile; fileRef = 2B5E08282237A5DD005A3E68 /* LaunchScreen.storyboard */; };
		2B5E08352237A5DE005A3E68 /* day13_AnimateTableViewTests.swift in Sources */ = {isa = PBXBuildFile; fileRef = 2B5E08342237A5DE005A3E68 /* day13_AnimateTableViewTests.swift */; };
		2B5E08402237A5DE005A3E68 /* day13_AnimateTableViewUITests.swift in Sources */ = {isa = PBXBuildFile; fileRef = 2B5E083F2237A5DE005A3E68 /* day13_AnimateTableViewUITests.swift */; };
		2B5E084E2237A9D5005A3E68 /* AnimateViewController.swift in Sources */ = {isa = PBXBuildFile; fileRef = 2B5E084D2237A9D5005A3E68 /* AnimateViewController.swift */; };
/* End PBXBuildFile section */

/* Begin PBXContainerItemProxy section */
		2B5E08312237A5DE005A3E68 /* PBXContainerItemProxy */ = {
			isa = PBXContainerItemProxy;
			containerPortal = 2B5E08142237A5DC005A3E68 /* Project object */;
			proxyType = 1;
			remoteGlobalIDString = 2B5E081B2237A5DC005A3E68;
			remoteInfo = "day13-AnimateTableView";
		};
		2B5E083C2237A5DE005A3E68 /* PBXContainerItemProxy */ = {
			isa = PBXContainerItemProxy;
			containerPortal = 2B5E08142237A5DC005A3E68 /* Project object */;
			proxyType = 1;
			remoteGlobalIDString = 2B5E081B2237A5DC005A3E68;
			remoteInfo = "day13-AnimateTableView";
		};
/* End PBXContainerItemProxy section */

/* Begin PBXFileReference section */
		2B5E081C2237A5DC005A3E68 /* day13-AnimateTableView.app */ = {isa = PBXFileReference; explicitFileType = wrapper.application; includeInIndex = 0; path = "day13-AnimateTableView.app"; sourceTree = BUILT_PRODUCTS_DIR; };
		2B5E081F2237A5DC005A3E68 /* AppDelegate.swift */ = {isa = PBXFileReference; lastKnownFileType = sourcecode.swift; path = AppDelegate.swift; sourceTree = "<group>"; };
		2B5E08212237A5DC005A3E68 /* ViewController.swift */ = {isa = PBXFileReference; lastKnownFileType = sourcecode.swift; path = ViewController.swift; sourceTree = "<group>"; };
		2B5E08242237A5DC005A3E68 /* Base */ = {isa = PBXFileReference; lastKnownFileType = file.storyboard; name = Base; path = Base.lproj/Main.storyboard; sourceTree = "<group>"; };
		2B5E08262237A5DD005A3E68 /* Assets.xcassets */ = {isa = PBXFileReference; lastKnownFileType = folder.assetcatalog; path = Assets.xcassets; sourceTree = "<group>"; };
		2B5E08292237A5DD005A3E68 /* Base */ = {isa = PBXFileReference; lastKnownFileType = file.storyboard; name = Base; path = Base.lproj/LaunchScreen.storyboard; sourceTree = "<group>"; };
		2B5E082B2237A5DD005A3E68 /* Info.plist */ = {isa = PBXFileReference; lastKnownFileType = text.plist.xml; path = Info.plist; sourceTree = "<group>"; };
		2B5E08302237A5DE005A3E68 /* day13-AnimateTableViewTests.xctest */ = {isa = PBXFileReference; explicitFileType = wrapper.cfbundle; includeInIndex = 0; path = "day13-AnimateTableViewTests.xctest"; sourceTree = BUILT_PRODUCTS_DIR; };
		2B5E08342237A5DE005A3E68 /* day13_AnimateTableViewTests.swift */ = {isa = PBXFileReference; lastKnownFileType = sourcecode.swift; path = day13_AnimateTableViewTests.swift; sourceTree = "<group>"; };
		2B5E08362237A5DE005A3E68 /* Info.plist */ = {isa = PBXFileReference; lastKnownFileType = text.plist.xml; path = Info.plist; sourceTree = "<group>"; };
		2B5E083B2237A5DE005A3E68 /* day13-AnimateTableViewUITests.xctest */ = {isa = PBXFileReference; explicitFileType = wrapper.cfbundle; includeInIndex = 0; path = "day13-AnimateTableViewUITests.xctest"; sourceTree = BUILT_PRODUCTS_DIR; };
		2B5E083F2237A5DE005A3E68 /* day13_AnimateTableViewUITests.swift */ = {isa = PBXFileReference; lastKnownFileType = sourcecode.swift; path = day13_AnimateTableViewUITests.swift; sourceTree = "<group>"; };
		2B5E08412237A5DE005A3E68 /* Info.plist */ = {isa = PBXFileReference; lastKnownFileType = text.plist.xml; path = Info.plist; sourceTree = "<group>"; };
		2B5E084D2237A9D5005A3E68 /* AnimateViewController.swift */ = {isa = PBXFileReference; lastKnownFileType = sourcecode.swift; path = AnimateViewController.swift; sourceTree = "<group>"; };
/* End PBXFileReference section */

/* Begin PBXFrameworksBuildPhase section */
		2B5E08192237A5DC005A3E68 /* Frameworks */ = {
			isa = PBXFrameworksBuildPhase;
			buildActionMask = 2147483647;
			files = (
			);
			runOnlyForDeploymentPostprocessing = 0;
		};
		2B5E082D2237A5DE005A3E68 /* Frameworks */ = {
			isa = PBXFrameworksBuildPhase;
			buildActionMask = 2147483647;
			files = (
			);
			runOnlyForDeploymentPostprocessing = 0;
		};
		2B5E08382237A5DE005A3E68 /* Frameworks */ = {
			isa = PBXFrameworksBuildPhase;
			buildActionMask = 2147483647;
			files = (
			);
			runOnlyForDeploymentPostprocessing = 0;
		};
/* End PBXFrameworksBuildPhase section */

/* Begin PBXGroup section */
		2B5E08132237A5DC005A3E68 = {
			isa = PBXGroup;
			children = (
				2B5E081E2237A5DC005A3E68 /* day13-AnimateTableView */,
				2B5E08332237A5DE005A3E68 /* day13-AnimateTableViewTests */,
				2B5E083E2237A5DE005A3E68 /* day13-AnimateTableViewUITests */,
				2B5E081D2237A5DC005A3E68 /* Products */,
			);
			sourceTree = "<group>";
		};
		2B5E081D2237A5DC005A3E68 /* Products */ = {
			isa = PBXGroup;
			children = (
				2B5E081C2237A5DC005A3E68 /* day13-AnimateTableView.app */,
				2B5E08302237A5DE005A3E68 /* day13-AnimateTableViewTests.xctest */,
				2B5E083B2237A5DE005A3E68 /* day13-AnimateTableViewUITests.xctest */,
			);
			name = Products;
			sourceTree = "<group>";
		};
		2B5E081E2237A5DC005A3E68 /* day13-AnimateTableView */ = {
			isa = PBXGroup;
			children = (
				2B5E081F2237A5DC005A3E68 /* AppDelegate.swift */,
				2B5E08212237A5DC005A3E68 /* ViewController.swift */,
				2B5E084D2237A9D5005A3E68 /* AnimateViewController.swift */,
				2B5E08232237A5DC005A3E68 /* Main.storyboard */,
				2B5E08262237A5DD005A3E68 /* Assets.xcassets */,
				2B5E08282237A5DD005A3E68 /* LaunchScreen.storyboard */,
				2B5E082B2237A5DD005A3E68 /* Info.plist */,
			);
			path = "day13-AnimateTableView";
			sourceTree = "<group>";
		};
		2B5E08332237A5DE005A3E68 /* day13-AnimateTableViewTests */ = {
			isa = PBXGroup;
			children = (
				2B5E08342237A5DE005A3E68 /* day13_AnimateTableViewTests.swift */,
				2B5E08362237A5DE005A3E68 /* Info.plist */,
			);
			path = "day13-AnimateTableViewTests";
			sourceTree = "<group>";
		};
		2B5E083E2237A5DE005A3E68 /* day13-AnimateTableViewUITests */ = {
			isa = PBXGroup;
			children = (
				2B5E083F2237A5DE005A3E68 /* day13_AnimateTableViewUITests.swift */,
				2B5E08412237A5DE005A3E68 /* Info.plist */,
			);
			path = "day13-AnimateTableViewUITests";
			sourceTree = "<group>";
		};
/* End PBXGroup section */

/* Begin PBXNativeTarget section */
		2B5E081B2237A5DC005A3E68 /* day13-AnimateTableView */ = {
			isa = PBXNativeTarget;
			buildConfigurationList = 2B5E08442237A5DE005A3E68 /* Build configuration list for PBXNativeTarget "day13-AnimateTableView" */;
			buildPhases = (
				2B5E08182237A5DC005A3E68 /* Sources */,
				2B5E08192237A5DC005A3E68 /* Frameworks */,
				2B5E081A2237A5DC005A3E68 /* Resources */,
			);
			buildRules = (
			);
			dependencies = (
			);
			name = "day13-AnimateTableView";
			productName = "day13-AnimateTableView";
			productReference = 2B5E081C2237A5DC005A3E68 /* day13-AnimateTableView.app */;
			productType = "com.apple.product-type.application";
		};
		2B5E082F2237A5DE005A3E68 /* day13-AnimateTableViewTests */ = {
			isa = PBXNativeTarget;
			buildConfigurationList = 2B5E08472237A5DE005A3E68 /* Build configuration list for PBXNativeTarget "day13-AnimateTableViewTests" */;
			buildPhases = (
				2B5E082C2237A5DE005A3E68 /* Sources */,
				2B5E082D2237A5DE005A3E68 /* Frameworks */,
				2B5E082E2237A5DE005A3E68 /* Resources */,
			);
			buildRules = (
			);
			dependencies = (
				2B5E08322237A5DE005A3E68 /* PBXTargetDependency */,
			);
			name = "day13-AnimateTableViewTests";
			productName = "day13-AnimateTableViewTests";
			productReference = 2B5E08302237A5DE005A3E68 /* day13-AnimateTableViewTests.xctest */;
			productType = "com.apple.product-type.bundle.unit-test";
		};
		2B5E083A2237A5DE005A3E68 /* day13-AnimateTableViewUITests */ = {
			isa = PBXNativeTarget;
			buildConfigurationList = 2B5E084A2237A5DE005A3E68 /* Build configuration list for PBXNativeTarget "day13-AnimateTableViewUITests" */;
			buildPhases = (
				2B5E08372237A5DE005A3E68 /* Sources */,
				2B5E08382237A5DE005A3E68 /* Frameworks */,
				2B5E08392237A5DE005A3E68 /* Resources */,
			);
			buildRules = (
			);
			dependencies = (
				2B5E083D2237A5DE005A3E68 /* PBXTargetDependency */,
			);
			name = "day13-AnimateTableViewUITests";
			productName = "day13-AnimateTableViewUITests";
			productReference = 2B5E083B2237A5DE005A3E68 /* day13-AnimateTableViewUITests.xctest */;
			productType = "com.apple.product-type.bundle.ui-testing";
		};
/* End PBXNativeTarget section */

/* Begin PBXProject section */
		2B5E08142237A5DC005A3E68 /* Project object */ = {
			isa = PBXProject;
			attributes = {
				LastSwiftUpdateCheck = 1010;
				LastUpgradeCheck = 1010;
				ORGANIZATIONNAME = FQL;
				TargetAttributes = {
					2B5E081B2237A5DC005A3E68 = {
						CreatedOnToolsVersion = 10.1;
					};
					2B5E082F2237A5DE005A3E68 = {
						CreatedOnToolsVersion = 10.1;
						TestTargetID = 2B5E081B2237A5DC005A3E68;
					};
					2B5E083A2237A5DE005A3E68 = {
						CreatedOnToolsVersion = 10.1;
						TestTargetID = 2B5E081B2237A5DC005A3E68;
					};
				};
			};
			buildConfigurationList = 2B5E08172237A5DC005A3E68 /* Build configuration list for PBXProject "day13-AnimateTableView" */;
			compatibilityVersion = "Xcode 9.3";
			developmentRegion = en;
			hasScannedForEncodings = 0;
			knownRegions = (
				en,
				Base,
			);
			mainGroup = 2B5E08132237A5DC005A3E68;
			productRefGroup = 2B5E081D2237A5DC005A3E68 /* Products */;
			projectDirPath = "";
			projectRoot = "";
			targets = (
				2B5E081B2237A5DC005A3E68 /* day13-AnimateTableView */,
				2B5E082F2237A5DE005A3E68 /* day13-AnimateTableViewTests */,
				2B5E083A2237A5DE005A3E68 /* day13-AnimateTableViewUITests */,
			);
		};
/* End PBXProject section */

/* Begin PBXResourcesBuildPhase section */
		2B5E081A2237A5DC005A3E68 /* Resources */ = {
			isa = PBXResourcesBuildPhase;
			buildActionMask = 2147483647;
			files = (
				2B5E082A2237A5DD005A3E68 /* LaunchScreen.storyboard in Resources */,
				2B5E08272237A5DD005A3E68 /* Assets.xcassets in Resources */,
				2B5E08252237A5DC005A3E68 /* Main.storyboard in Resources */,
			);
			runOnlyForDeploymentPostprocessing = 0;
		};
		2B5E082E2237A5DE005A3E68 /* Resources */ = {
			isa = PBXResourcesBuildPhase;
			buildActionMask = 2147483647;
			files = (
			);
			runOnlyForDeploymentPostprocessing = 0;
		};
		2B5E08392237A5DE005A3E68 /* Resources */ = {
			isa = PBXResourcesBuildPhase;
			buildActionMask = 2147483647;
			files = (
			);
			runOnlyForDeploymentPostprocessing = 0;
		};
/* End PBXResourcesBuildPhase section */

/* Begin PBXSourcesBuildPhase section */
		2B5E08182237A5DC005A3E68 /* Sources */ = {
			isa = PBXSourcesBuildPhase;
			buildActionMask = 2147483647;
			files = (
				2B5E084E2237A9D5005A3E68 /* AnimateViewController.swift in Sources */,
				2B5E08222237A5DC005A3E68 /* ViewController.swift in Sources */,
				2B5E08202237A5DC005A3E68 /* AppDelegate.swift in Sources */,
			);
			runOnlyForDeploymentPostprocessing = 0;
		};
		2B5E082C2237A5DE005A3E68 /* Sources */ = {
			isa = PBXSourcesBuildPhase;
			buildActionMask = 2147483647;
			files = (
				2B5E08352237A5DE005A3E68 /* day13_AnimateTableViewTests.swift in Sources */,
			);
			runOnlyForDeploymentPostprocessing = 0;
		};
		2B5E08372237A5DE005A3E68 /* Sources */ = {
			isa = PBXSourcesBuildPhase;
			buildActionMask = 2147483647;
			files = (
				2B5E08402237A5DE005A3E68 /* day13_AnimateTableViewUITests.swift in Sources */,
			);
			runOnlyForDeploymentPostprocessing = 0;
		};
/* End PBXSourcesBuildPhase section */

/* Begin PBXTargetDependency section */
		2B5E08322237A5DE005A3E68 /* PBXTargetDependency */ = {
			isa = PBXTargetDependency;
			target = 2B5E081B2237A5DC005A3E68 /* day13-AnimateTableView */;
			targetProxy = 2B5E08312237A5DE005A3E68 /* PBXContainerItemProxy */;
		};
		2B5E083D2237A5DE005A3E68 /* PBXTargetDependency */ = {
			isa = PBXTargetDependency;
			target = 2B5E081B2237A5DC005A3E68 /* day13-AnimateTableView */;
			targetProxy = 2B5E083C2237A5DE005A3E68 /* PBXContainerItemProxy */;
		};
/* End PBXTargetDependency section */

/* Begin PBXVariantGroup section */
		2B5E08232237A5DC005A3E68 /* Main.storyboard */ = {
			isa = PBXVariantGroup;
			children = (
				2B5E08242237A5DC005A3E68 /* Base */,
			);
			name = Main.storyboard;
			sourceTree = "<group>";
		};
		2B5E08282237A5DD005A3E68 /* LaunchScreen.storyboard */ = {
			isa = PBXVariantGroup;
			children = (
				2B5E08292237A5DD005A3E68 /* Base */,
			);
			name = LaunchScreen.storyboard;
			sourceTree = "<group>";
		};
/* End PBXVariantGroup section */

/* Begin XCBuildConfiguration section */
		2B5E08422237A5DE005A3E68 /* Debug */ = {
			isa = XCBuildConfiguration;
			buildSettings = {
				ALWAYS_SEARCH_USER_PATHS = NO;
				CLANG_ANALYZER_NONNULL = YES;
				CLANG_ANALYZER_NUMBER_OBJECT_CONVERSION = YES_AGGRESSIVE;
				CLANG_CXX_LANGUAGE_STANDARD = "gnu++14";
				CLANG_CXX_LIBRARY = "libc++";
				CLANG_ENABLE_MODULES = YES;
				CLANG_ENABLE_OBJC_ARC = YES;
				CLANG_ENABLE_OBJC_WEAK = YES;
				CLANG_WARN_BLOCK_CAPTURE_AUTORELEASING = YES;
				CLANG_WARN_BOOL_CONVERSION = YES;
				CLANG_WARN_COMMA = YES;
				CLANG_WARN_CONSTANT_CONVERSION = YES;
				CLANG_WARN_DEPRECATED_OBJC_IMPLEMENTATIONS = YES;
				CLANG_WARN_DIRECT_OBJC_ISA_USAGE = YES_ERROR;
				CLANG_WARN_DOCUMENTATION_COMMENTS = YES;
				CLANG_WARN_EMPTY_BODY = YES;
				CLANG_WARN_ENUM_CONVERSION = YES;
				CLANG_WARN_INFINITE_RECURSION = YES;
				CLANG_WARN_INT_CONVERSION = YES;
				CLANG_WARN_NON_LITERAL_NULL_CONVERSION = YES;
				CLANG_WARN_OBJC_IMPLICIT_RETAIN_SELF = YES;
				CLANG_WARN_OBJC_LITERAL_CONVERSION = YES;
				CLANG_WARN_OBJC_ROOT_CLASS = YES_ERROR;
				CLANG_WARN_RANGE_LOOP_ANALYSIS = YES;
				CLANG_WARN_STRICT_PROTOTYPES = YES;
				CLANG_WARN_SUSPICIOUS_MOVE = YES;
				CLANG_WARN_UNGUARDED_AVAILABILITY = YES_AGGRESSIVE;
				CLANG_WARN_UNREACHABLE_CODE = YES;
				CLANG_WARN__DUPLICATE_METHOD_MATCH = YES;
				CODE_SIGN_IDENTITY = "iPhone Developer";
				COPY_PHASE_STRIP = NO;
				DEBUG_INFORMATION_FORMAT = dwarf;
				ENABLE_STRICT_OBJC_MSGSEND = YES;
				ENABLE_TESTABILITY = YES;
				GCC_C_LANGUAGE_STANDARD = gnu11;
				GCC_DYNAMIC_NO_PIC = NO;
				GCC_NO_COMMON_BLOCKS = YES;
				GCC_OPTIMIZATION_LEVEL = 0;
				GCC_PREPROCESSOR_DEFINITIONS = (
					"DEBUG=1",
					"$(inherited)",
				);
				GCC_WARN_64_TO_32_BIT_CONVERSION = YES;
				GCC_WARN_ABOUT_RETURN_TYPE = YES_ERROR;
				GCC_WARN_UNDECLARED_SELECTOR = YES;
				GCC_WARN_UNINITIALIZED_AUTOS = YES_AGGRESSIVE;
				GCC_WARN_UNUSED_FUNCTION = YES;
				GCC_WARN_UNUSED_VARIABLE = YES;
				IPHONEOS_DEPLOYMENT_TARGET = 12.1;
				MTL_ENABLE_DEBUG_INFO = INCLUDE_SOURCE;
				MTL_FAST_MATH = YES;
				ONLY_ACTIVE_ARCH = YES;
				SDKROOT = iphoneos;
				SWIFT_ACTIVE_COMPILATION_CONDITIONS = DEBUG;
				SWIFT_OPTIMIZATION_LEVEL = "-Onone";
			};
			name = Debug;
		};
		2B5E08432237A5DE005A3E68 /* Release */ = {
			isa = XCBuildConfiguration;
			buildSettings = {
				ALWAYS_SEARCH_USER_PATHS = NO;
				CLANG_ANALYZER_NONNULL = YES;
				CLANG_ANALYZER_NUMBER_OBJECT_CONVERSION = YES_AGGRESSIVE;
				CLANG_CXX_LANGUAGE_STANDARD = "gnu++14";
				CLANG_CXX_LIBRARY = "libc++";
				CLANG_ENABLE_MODULES = YES;
				CLANG_ENABLE_OBJC_ARC = YES;
				CLANG_ENABLE_OBJC_WEAK = YES;
				CLANG_WARN_BLOCK_CAPTURE_AUTORELEASING = YES;
				CLANG_WARN_BOOL_CONVERSION = YES;
				CLANG_WARN_COMMA = YES;
				CLANG_WARN_CONSTANT_CONVERSION = YES;
				CLANG_WARN_DEPRECATED_OBJC_IMPLEMENTATIONS = YES;
				CLANG_WARN_DIRECT_OBJC_ISA_USAGE = YES_ERROR;
				CLANG_WARN_DOCUMENTATION_COMMENTS = YES;
				CLANG_WARN_EMPTY_BODY = YES;
				CLANG_WARN_ENUM_CONVERSION = YES;
				CLANG_WARN_INFINITE_RECURSION = YES;
				CLANG_WARN_INT_CONVERSION = YES;
				CLANG_WARN_NON_LITERAL_NULL_CONVERSION = YES;
				CLANG_WARN_OBJC_IMPLICIT_RETAIN_SELF = YES;
				CLANG_WARN_OBJC_LITERAL_CONVERSION = YES;
				CLANG_WARN_OBJC_ROOT_CLASS = YES_ERROR;
				CLANG_WARN_RANGE_LOOP_ANALYSIS = YES;
				CLANG_WARN_STRICT_PROTOTYPES = YES;
				CLANG_WARN_SUSPICIOUS_MOVE = YES;
				CLANG_WARN_UNGUARDED_AVAILABILITY = YES_AGGRESSIVE;
				CLANG_WARN_UNREACHABLE_CODE = YES;
				CLANG_WARN__DUPLICATE_METHOD_MATCH = YES;
				CODE_SIGN_IDENTITY = "iPhone Developer";
				COPY_PHASE_STRIP = NO;
				DEBUG_INFORMATION_FORMAT = "dwarf-with-dsym";
				ENABLE_NS_ASSERTIONS = NO;
				ENABLE_STRICT_OBJC_MSGSEND = YES;
				GCC_C_LANGUAGE_STANDARD = gnu11;
				GCC_NO_COMMON_BLOCKS = YES;
				GCC_WARN_64_TO_32_BIT_CONVERSION = YES;
				GCC_WARN_ABOUT_RETURN_TYPE = YES_ERROR;
				GCC_WARN_UNDECLARED_SELECTOR = YES;
				GCC_WARN_UNINITIALIZED_AUTOS = YES_AGGRESSIVE;
				GCC_WARN_UNUSED_FUNCTION = YES;
				GCC_WARN_UNUSED_VARIABLE = YES;
				IPHONEOS_DEPLOYMENT_TARGET = 12.1;
				MTL_ENABLE_DEBUG_INFO = NO;
				MTL_FAST_MATH = YES;
				SDKROOT = iphoneos;
				SWIFT_COMPILATION_MODE = wholemodule;
				SWIFT_OPTIMIZATION_LEVEL = "-O";
				VALIDATE_PRODUCT = YES;
			};
			name = Release;
		};
		2B5E08452237A5DE005A3E68 /* Debug */ = {
			isa = XCBuildConfiguration;
			buildSettings = {
				ASSETCATALOG_COMPILER_APPICON_NAME = AppIcon;
				CODE_SIGN_STYLE = Automatic;
				DEVELOPMENT_TEAM = FUTX5SW86N;
				INFOPLIST_FILE = "day13-AnimateTableView/Info.plist";
				LD_RUNPATH_SEARCH_PATHS = (
					"$(inherited)",
					"@executable_path/Frameworks",
				);
				PRODUCT_BUNDLE_IDENTIFIER = "Eddie.day13-AnimateTableView";
				PRODUCT_NAME = "$(TARGET_NAME)";
				SWIFT_VERSION = 4.2;
				TARGETED_DEVICE_FAMILY = "1,2";
			};
			name = Debug;
		};
		2B5E08462237A5DE005A3E68 /* Release */ = {
			isa = XCBuildConfiguration;
			buildSettings = {
				ASSETCATALOG_COMPILER_APPICON_NAME = AppIcon;
				CODE_SIGN_STYLE = Automatic;
				DEVELOPMENT_TEAM = FUTX5SW86N;
				INFOPLIST_FILE = "day13-AnimateTableView/Info.plist";
				LD_RUNPATH_SEARCH_PATHS = (
					"$(inherited)",
					"@executable_path/Frameworks",
				);
				PRODUCT_BUNDLE_IDENTIFIER = "Eddie.day13-AnimateTableView";
				PRODUCT_NAME = "$(TARGET_NAME)";
				SWIFT_VERSION = 4.2;
				TARGETED_DEVICE_FAMILY = "1,2";
			};
			name = Release;
		};
		2B5E08482237A5DE005A3E68 /* Debug */ = {
			isa = XCBuildConfiguration;
			buildSettings = {
				ALWAYS_EMBED_SWIFT_STANDARD_LIBRARIES = YES;
				BUNDLE_LOADER = "$(TEST_HOST)";
				CODE_SIGN_STYLE = Automatic;
				DEVELOPMENT_TEAM = FUTX5SW86N;
				INFOPLIST_FILE = "day13-AnimateTableViewTests/Info.plist";
				LD_RUNPATH_SEARCH_PATHS = (
					"$(inherited)",
					"@executable_path/Frameworks",
					"@loader_path/Frameworks",
				);
				PRODUCT_BUNDLE_IDENTIFIER = "Eddie.day13-AnimateTableViewTests";
				PRODUCT_NAME = "$(TARGET_NAME)";
				SWIFT_VERSION = 4.2;
				TARGETED_DEVICE_FAMILY = "1,2";
				TEST_HOST = "$(BUILT_PRODUCTS_DIR)/day13-AnimateTableView.app/day13-AnimateTableView";
			};
			name = Debug;
		};
		2B5E08492237A5DE005A3E68 /* Release */ = {
			isa = XCBuildConfiguration;
			buildSettings = {
				ALWAYS_EMBED_SWIFT_STANDARD_LIBRARIES = YES;
				BUNDLE_LOADER = "$(TEST_HOST)";
				CODE_SIGN_STYLE = Automatic;
				DEVELOPMENT_TEAM = FUTX5SW86N;
				INFOPLIST_FILE = "day13-AnimateTableViewTests/Info.plist";
				LD_RUNPATH_SEARCH_PATHS = (
					"$(inherited)",
					"@executable_path/Frameworks",
					"@loader_path/Frameworks",
				);
				PRODUCT_BUNDLE_IDENTIFIER = "Eddie.day13-AnimateTableViewTests";
				PRODUCT_NAME = "$(TARGET_NAME)";
				SWIFT_VERSION = 4.2;
				TARGETED_DEVICE_FAMILY = "1,2";
				TEST_HOST = "$(BUILT_PRODUCTS_DIR)/day13-AnimateTableView.app/day13-AnimateTableView";
			};
			name = Release;
		};
		2B5E084B2237A5DE005A3E68 /* Debug */ = {
			isa = XCBuildConfiguration;
			buildSettings = {
				ALWAYS_EMBED_SWIFT_STANDARD_LIBRARIES = YES;
				CODE_SIGN_STYLE = Automatic;
				DEVELOPMENT_TEAM = FUTX5SW86N;
				INFOPLIST_FILE = "day13-AnimateTableViewUITests/Info.plist";
				LD_RUNPATH_SEARCH_PATHS = (
					"$(inherited)",
					"@executable_path/Frameworks",
					"@loader_path/Frameworks",
				);
				PRODUCT_BUNDLE_IDENTIFIER = "Eddie.day13-AnimateTableViewUITests";
				PRODUCT_NAME = "$(TARGET_NAME)";
				SWIFT_VERSION = 4.2;
				TARGETED_DEVICE_FAMILY = "1,2";
				TEST_TARGET_NAME = "day13-AnimateTableView";
			};
			name = Debug;
		};
		2B5E084C2237A5DE005A3E68 /* Release */ = {
			isa = XCBuildConfiguration;
			buildSettings = {
				ALWAYS_EMBED_SWIFT_STANDARD_LIBRARIES = YES;
				CODE_SIGN_STYLE = Automatic;
				DEVELOPMENT_TEAM = FUTX5SW86N;
				INFOPLIST_FILE = "day13-AnimateTableViewUITests/Info.plist";
				LD_RUNPATH_SEARCH_PATHS = (
					"$(inherited)",
					"@executable_path/Frameworks",
					"@loader_path/Frameworks",
				);
				PRODUCT_BUNDLE_IDENTIFIER = "Eddie.day13-AnimateTableViewUITests";
				PRODUCT_NAME = "$(TARGET_NAME)";
				SWIFT_VERSION = 4.2;
				TARGETED_DEVICE_FAMILY = "1,2";
				TEST_TARGET_NAME = "day13-AnimateTableView";
			};
			name = Release;
		};
/* End XCBuildConfiguration section */

/* Begin XCConfigurationList section */
		2B5E08172237A5DC005A3E68 /* Build configuration list for PBXProject "day13-AnimateTableView" */ = {
			isa = XCConfigurationList;
			buildConfigurations = (
				2B5E08422237A5DE005A3E68 /* Debug */,
				2B5E08432237A5DE005A3E68 /* Release */,
			);
			defaultConfigurationIsVisible = 0;
			defaultConfigurationName = Release;
		};
		2B5E08442237A5DE005A3E68 /* Build configuration list for PBXNativeTarget "day13-AnimateTableView" */ = {
			isa = XCConfigurationList;
			buildConfigurations = (
				2B5E08452237A5DE005A3E68 /* Debug */,
				2B5E08462237A5DE005A3E68 /* Release */,
			);
			defaultConfigurationIsVisible = 0;
			defaultConfigurationName = Release;
		};
		2B5E08472237A5DE005A3E68 /* Build configuration list for PBXNativeTarget "day13-AnimateTableViewTests" */ = {
			isa = XCConfigurationList;
			buildConfigurations = (
				2B5E08482237A5DE005A3E68 /* Debug */,
				2B5E08492237A5DE005A3E68 /* Release */,
			);
			defaultConfigurationIsVisible = 0;
			defaultConfigurationName = Release;
		};
		2B5E084A2237A5DE005A3E68 /* Build configuration list for PBXNativeTarget "day13-AnimateTableViewUITests" */ = {
			isa = XCConfigurationList;
			buildConfigurations = (
				2B5E084B2237A5DE005A3E68 /* Debug */,
				2B5E084C2237A5DE005A3E68 /* Release */,
			);
			defaultConfigurationIsVisible = 0;
			defaultConfigurationName = Release;
		};
/* End XCConfigurationList section */
	};
	rootObject = 2B5E08142237A5DC005A3E68 /* Project object */;
}
