// !$*UTF8*$!
{
	archiveVersion = 1;
	classes = {
	};
	objectVersion = 50;
	objects = {

/* Begin PBXBuildFile section */
		2B27D6E5222CC77400CFE6EB /* AppDelegate.swift in Sources */ = {isa = PBXBuildFile; fileRef = 2B27D6E4222CC77400CFE6EB /* AppDelegate.swift */; };
		2B27D6E7222CC77400CFE6EB /* ViewController.swift in Sources */ = {isa = PBXBuildFile; fileRef = 2B27D6E6222CC77400CFE6EB /* ViewController.swift */; };
		2B27D6EA222CC77400CFE6EB /* Main.storyboard in Resources */ = {isa = PBXBuildFile; fileRef = 2B27D6E8222CC77400CFE6EB /* Main.storyboard */; };
		2B27D6EC222CC77600CFE6EB /* Assets.xcassets in Resources */ = {isa = PBXBuildFile; fileRef = 2B27D6EB222CC77600CFE6EB /* Assets.xcassets */; };
		2B27D6EF222CC77600CFE6EB /* LaunchScreen.storyboard in Resources */ = {isa = PBXBuildFile; fileRef = 2B27D6ED222CC77600CFE6EB /* LaunchScreen.storyboard */; };
		2B27D6FA222CC77600CFE6EB /* day7_SimpleCameraTests.swift in Sources */ = {isa = PBXBuildFile; fileRef = 2B27D6F9222CC77600CFE6EB /* day7_SimpleCameraTests.swift */; };
		2B27D705222CC77600CFE6EB /* day7_SimpleCameraUITests.swift in Sources */ = {isa = PBXBuildFile; fileRef = 2B27D704222CC77600CFE6EB /* day7_SimpleCameraUITests.swift */; };
		2B27D713222CCA8700CFE6EB /* leftVIew.swift in Sources */ = {isa = PBXBuildFile; fileRef = 2B27D712222CCA8700CFE6EB /* leftVIew.swift */; };
/* End PBXBuildFile section */

/* Begin PBXContainerItemProxy section */
		2B27D6F6222CC77600CFE6EB /* PBXContainerItemProxy */ = {
			isa = PBXContainerItemProxy;
			containerPortal = 2B27D6D9222CC77400CFE6EB /* Project object */;
			proxyType = 1;
			remoteGlobalIDString = 2B27D6E0222CC77400CFE6EB;
			remoteInfo = "day7-SimpleCamera";
		};
		2B27D701222CC77600CFE6EB /* PBXContainerItemProxy */ = {
			isa = PBXContainerItemProxy;
			containerPortal = 2B27D6D9222CC77400CFE6EB /* Project object */;
			proxyType = 1;
			remoteGlobalIDString = 2B27D6E0222CC77400CFE6EB;
			remoteInfo = "day7-SimpleCamera";
		};
/* End PBXContainerItemProxy section */

/* Begin PBXFileReference section */
		2B27D6E1222CC77400CFE6EB /* day7-SimpleCamera.app */ = {isa = PBXFileReference; explicitFileType = wrapper.application; includeInIndex = 0; path = "day7-SimpleCamera.app"; sourceTree = BUILT_PRODUCTS_DIR; };
		2B27D6E4222CC77400CFE6EB /* AppDelegate.swift */ = {isa = PBXFileReference; lastKnownFileType = sourcecode.swift; path = AppDelegate.swift; sourceTree = "<group>"; };
		2B27D6E6222CC77400CFE6EB /* ViewController.swift */ = {isa = PBXFileReference; lastKnownFileType = sourcecode.swift; path = ViewController.swift; sourceTree = "<group>"; };
		2B27D6E9222CC77400CFE6EB /* Base */ = {isa = PBXFileReference; lastKnownFileType = file.storyboard; name = Base; path = Base.lproj/Main.storyboard; sourceTree = "<group>"; };
		2B27D6EB222CC77600CFE6EB /* Assets.xcassets */ = {isa = PBXFileReference; lastKnownFileType = folder.assetcatalog; path = Assets.xcassets; sourceTree = "<group>"; };
		2B27D6EE222CC77600CFE6EB /* Base */ = {isa = PBXFileReference; lastKnownFileType = file.storyboard; name = Base; path = Base.lproj/LaunchScreen.storyboard; sourceTree = "<group>"; };
		2B27D6F0222CC77600CFE6EB /* Info.plist */ = {isa = PBXFileReference; lastKnownFileType = text.plist.xml; path = Info.plist; sourceTree = "<group>"; };
		2B27D6F5222CC77600CFE6EB /* day7-SimpleCameraTests.xctest */ = {isa = PBXFileReference; explicitFileType = wrapper.cfbundle; includeInIndex = 0; path = "day7-SimpleCameraTests.xctest"; sourceTree = BUILT_PRODUCTS_DIR; };
		2B27D6F9222CC77600CFE6EB /* day7_SimpleCameraTests.swift */ = {isa = PBXFileReference; lastKnownFileType = sourcecode.swift; path = day7_SimpleCameraTests.swift; sourceTree = "<group>"; };
		2B27D6FB222CC77600CFE6EB /* Info.plist */ = {isa = PBXFileReference; lastKnownFileType = text.plist.xml; path = Info.plist; sourceTree = "<group>"; };
		2B27D700222CC77600CFE6EB /* day7-SimpleCameraUITests.xctest */ = {isa = PBXFileReference; explicitFileType = wrapper.cfbundle; includeInIndex = 0; path = "day7-SimpleCameraUITests.xctest"; sourceTree = BUILT_PRODUCTS_DIR; };
		2B27D704222CC77600CFE6EB /* day7_SimpleCameraUITests.swift */ = {isa = PBXFileReference; lastKnownFileType = sourcecode.swift; path = day7_SimpleCameraUITests.swift; sourceTree = "<group>"; };
		2B27D706222CC77600CFE6EB /* Info.plist */ = {isa = PBXFileReference; lastKnownFileType = text.plist.xml; path = Info.plist; sourceTree = "<group>"; };
		2B27D712222CCA8700CFE6EB /* leftVIew.swift */ = {isa = PBXFileReference; lastKnownFileType = sourcecode.swift; path = leftVIew.swift; sourceTree = "<group>"; };
/* End PBXFileReference section */

/* Begin PBXFrameworksBuildPhase section */
		2B27D6DE222CC77400CFE6EB /* Frameworks */ = {
			isa = PBXFrameworksBuildPhase;
			buildActionMask = 2147483647;
			files = (
			);
			runOnlyForDeploymentPostprocessing = 0;
		};
		2B27D6F2222CC77600CFE6EB /* Frameworks */ = {
			isa = PBXFrameworksBuildPhase;
			buildActionMask = 2147483647;
			files = (
			);
			runOnlyForDeploymentPostprocessing = 0;
		};
		2B27D6FD222CC77600CFE6EB /* Frameworks */ = {
			isa = PBXFrameworksBuildPhase;
			buildActionMask = 2147483647;
			files = (
			);
			runOnlyForDeploymentPostprocessing = 0;
		};
/* End PBXFrameworksBuildPhase section */

/* Begin PBXGroup section */
		2B27D6D8222CC77400CFE6EB = {
			isa = PBXGroup;
			children = (
				2B27D6E3222CC77400CFE6EB /* day7-SimpleCamera */,
				2B27D6F8222CC77600CFE6EB /* day7-SimpleCameraTests */,
				2B27D703222CC77600CFE6EB /* day7-SimpleCameraUITests */,
				2B27D6E2222CC77400CFE6EB /* Products */,
			);
			sourceTree = "<group>";
		};
		2B27D6E2222CC77400CFE6EB /* Products */ = {
			isa = PBXGroup;
			children = (
				2B27D6E1222CC77400CFE6EB /* day7-SimpleCamera.app */,
				2B27D6F5222CC77600CFE6EB /* day7-SimpleCameraTests.xctest */,
				2B27D700222CC77600CFE6EB /* day7-SimpleCameraUITests.xctest */,
			);
			name = Products;
			sourceTree = "<group>";
		};
		2B27D6E3222CC77400CFE6EB /* day7-SimpleCamera */ = {
			isa = PBXGroup;
			children = (
				2B27D6E4222CC77400CFE6EB /* AppDelegate.swift */,
				2B27D6E6222CC77400CFE6EB /* ViewController.swift */,
				2B27D712222CCA8700CFE6EB /* leftVIew.swift */,
				2B27D6E8222CC77400CFE6EB /* Main.storyboard */,
				2B27D6EB222CC77600CFE6EB /* Assets.xcassets */,
				2B27D6ED222CC77600CFE6EB /* LaunchScreen.storyboard */,
				2B27D6F0222CC77600CFE6EB /* Info.plist */,
			);
			path = "day7-SimpleCamera";
			sourceTree = "<group>";
		};
		2B27D6F8222CC77600CFE6EB /* day7-SimpleCameraTests */ = {
			isa = PBXGroup;
			children = (
				2B27D6F9222CC77600CFE6EB /* day7_SimpleCameraTests.swift */,
				2B27D6FB222CC77600CFE6EB /* Info.plist */,
			);
			path = "day7-SimpleCameraTests";
			sourceTree = "<group>";
		};
		2B27D703222CC77600CFE6EB /* day7-SimpleCameraUITests */ = {
			isa = PBXGroup;
			children = (
				2B27D704222CC77600CFE6EB /* day7_SimpleCameraUITests.swift */,
				2B27D706222CC77600CFE6EB /* Info.plist */,
			);
			path = "day7-SimpleCameraUITests";
			sourceTree = "<group>";
		};
/* End PBXGroup section */

/* Begin PBXNativeTarget section */
		2B27D6E0222CC77400CFE6EB /* day7-SimpleCamera */ = {
			isa = PBXNativeTarget;
			buildConfigurationList = 2B27D709222CC77600CFE6EB /* Build configuration list for PBXNativeTarget "day7-SimpleCamera" */;
			buildPhases = (
				2B27D6DD222CC77400CFE6EB /* Sources */,
				2B27D6DE222CC77400CFE6EB /* Frameworks */,
				2B27D6DF222CC77400CFE6EB /* Resources */,
			);
			buildRules = (
			);
			dependencies = (
			);
			name = "day7-SimpleCamera";
			productName = "day7-SimpleCamera";
			productReference = 2B27D6E1222CC77400CFE6EB /* day7-SimpleCamera.app */;
			productType = "com.apple.product-type.application";
		};
		2B27D6F4222CC77600CFE6EB /* day7-SimpleCameraTests */ = {
			isa = PBXNativeTarget;
			buildConfigurationList = 2B27D70C222CC77600CFE6EB /* Build configuration list for PBXNativeTarget "day7-SimpleCameraTests" */;
			buildPhases = (
				2B27D6F1222CC77600CFE6EB /* Sources */,
				2B27D6F2222CC77600CFE6EB /* Frameworks */,
				2B27D6F3222CC77600CFE6EB /* Resources */,
			);
			buildRules = (
			);
			dependencies = (
				2B27D6F7222CC77600CFE6EB /* PBXTargetDependency */,
			);
			name = "day7-SimpleCameraTests";
			productName = "day7-SimpleCameraTests";
			productReference = 2B27D6F5222CC77600CFE6EB /* day7-SimpleCameraTests.xctest */;
			productType = "com.apple.product-type.bundle.unit-test";
		};
		2B27D6FF222CC77600CFE6EB /* day7-SimpleCameraUITests */ = {
			isa = PBXNativeTarget;
			buildConfigurationList = 2B27D70F222CC77600CFE6EB /* Build configuration list for PBXNativeTarget "day7-SimpleCameraUITests" */;
			buildPhases = (
				2B27D6FC222CC77600CFE6EB /* Sources */,
				2B27D6FD222CC77600CFE6EB /* Frameworks */,
				2B27D6FE222CC77600CFE6EB /* Resources */,
			);
			buildRules = (
			);
			dependencies = (
				2B27D702222CC77600CFE6EB /* PBXTargetDependency */,
			);
			name = "day7-SimpleCameraUITests";
			productName = "day7-SimpleCameraUITests";
			productReference = 2B27D700222CC77600CFE6EB /* day7-SimpleCameraUITests.xctest */;
			productType = "com.apple.product-type.bundle.ui-testing";
		};
/* End PBXNativeTarget section */

/* Begin PBXProject section */
		2B27D6D9222CC77400CFE6EB /* Project object */ = {
			isa = PBXProject;
			attributes = {
				LastSwiftUpdateCheck = 1010;
				LastUpgradeCheck = 1010;
				ORGANIZATIONNAME = FQL;
				TargetAttributes = {
					2B27D6E0222CC77400CFE6EB = {
						CreatedOnToolsVersion = 10.1;
					};
					2B27D6F4222CC77600CFE6EB = {
						CreatedOnToolsVersion = 10.1;
						TestTargetID = 2B27D6E0222CC77400CFE6EB;
					};
					2B27D6FF222CC77600CFE6EB = {
						CreatedOnToolsVersion = 10.1;
						TestTargetID = 2B27D6E0222CC77400CFE6EB;
					};
				};
			};
			buildConfigurationList = 2B27D6DC222CC77400CFE6EB /* Build configuration list for PBXProject "day7-SimpleCamera" */;
			compatibilityVersion = "Xcode 9.3";
			developmentRegion = en;
			hasScannedForEncodings = 0;
			knownRegions = (
				en,
				Base,
			);
			mainGroup = 2B27D6D8222CC77400CFE6EB;
			productRefGroup = 2B27D6E2222CC77400CFE6EB /* Products */;
			projectDirPath = "";
			projectRoot = "";
			targets = (
				2B27D6E0222CC77400CFE6EB /* day7-SimpleCamera */,
				2B27D6F4222CC77600CFE6EB /* day7-SimpleCameraTests */,
				2B27D6FF222CC77600CFE6EB /* day7-SimpleCameraUITests */,
			);
		};
/* End PBXProject section */

/* Begin PBXResourcesBuildPhase section */
		2B27D6DF222CC77400CFE6EB /* Resources */ = {
			isa = PBXResourcesBuildPhase;
			buildActionMask = 2147483647;
			files = (
				2B27D6EF222CC77600CFE6EB /* LaunchScreen.storyboard in Resources */,
				2B27D6EC222CC77600CFE6EB /* Assets.xcassets in Resources */,
				2B27D6EA222CC77400CFE6EB /* Main.storyboard in Resources */,
			);
			runOnlyForDeploymentPostprocessing = 0;
		};
		2B27D6F3222CC77600CFE6EB /* Resources */ = {
			isa = PBXResourcesBuildPhase;
			buildActionMask = 2147483647;
			files = (
			);
			runOnlyForDeploymentPostprocessing = 0;
		};
		2B27D6FE222CC77600CFE6EB /* Resources */ = {
			isa = PBXResourcesBuildPhase;
			buildActionMask = 2147483647;
			files = (
			);
			runOnlyForDeploymentPostprocessing = 0;
		};
/* End PBXResourcesBuildPhase section */

/* Begin PBXSourcesBuildPhase section */
		2B27D6DD222CC77400CFE6EB /* Sources */ = {
			isa = PBXSourcesBuildPhase;
			buildActionMask = 2147483647;
			files = (
				2B27D6E7222CC77400CFE6EB /* ViewController.swift in Sources */,
				2B27D713222CCA8700CFE6EB /* leftVIew.swift in Sources */,
				2B27D6E5222CC77400CFE6EB /* AppDelegate.swift in Sources */,
			);
			runOnlyForDeploymentPostprocessing = 0;
		};
		2B27D6F1222CC77600CFE6EB /* Sources */ = {
			isa = PBXSourcesBuildPhase;
			buildActionMask = 2147483647;
			files = (
				2B27D6FA222CC77600CFE6EB /* day7_SimpleCameraTests.swift in Sources */,
			);
			runOnlyForDeploymentPostprocessing = 0;
		};
		2B27D6FC222CC77600CFE6EB /* Sources */ = {
			isa = PBXSourcesBuildPhase;
			buildActionMask = 2147483647;
			files = (
				2B27D705222CC77600CFE6EB /* day7_SimpleCameraUITests.swift in Sources */,
			);
			runOnlyForDeploymentPostprocessing = 0;
		};
/* End PBXSourcesBuildPhase section */

/* Begin PBXTargetDependency section */
		2B27D6F7222CC77600CFE6EB /* PBXTargetDependency */ = {
			isa = PBXTargetDependency;
			target = 2B27D6E0222CC77400CFE6EB /* day7-SimpleCamera */;
			targetProxy = 2B27D6F6222CC77600CFE6EB /* PBXContainerItemProxy */;
		};
		2B27D702222CC77600CFE6EB /* PBXTargetDependency */ = {
			isa = PBXTargetDependency;
			target = 2B27D6E0222CC77400CFE6EB /* day7-SimpleCamera */;
			targetProxy = 2B27D701222CC77600CFE6EB /* PBXContainerItemProxy */;
		};
/* End PBXTargetDependency section */

/* Begin PBXVariantGroup section */
		2B27D6E8222CC77400CFE6EB /* Main.storyboard */ = {
			isa = PBXVariantGroup;
			children = (
				2B27D6E9222CC77400CFE6EB /* Base */,
			);
			name = Main.storyboard;
			sourceTree = "<group>";
		};
		2B27D6ED222CC77600CFE6EB /* LaunchScreen.storyboard */ = {
			isa = PBXVariantGroup;
			children = (
				2B27D6EE222CC77600CFE6EB /* Base */,
			);
			name = LaunchScreen.storyboard;
			sourceTree = "<group>";
		};
/* End PBXVariantGroup section */

/* Begin XCBuildConfiguration section */
		2B27D707222CC77600CFE6EB /* Debug */ = {
			isa = XCBuildConfiguration;
			buildSettings = {
				ALWAYS_SEARCH_USER_PATHS = NO;
				CLANG_ANALYZER_NONNULL = YES;
				CLANG_ANALYZER_NUMBER_OBJECT_CONVERSION = YES_AGGRESSIVE;
				CLANG_CXX_LANGUAGE_STANDARD = "gnu++14";
				CLANG_CXX_LIBRARY = "libc++";
				CLANG_ENABLE_MODULES = YES;
				CLANG_ENABLE_OBJC_ARC = YES;
				CLANG_ENABLE_OBJC_WEAK = YES;
				CLANG_WARN_BLOCK_CAPTURE_AUTORELEASING = YES;
				CLANG_WARN_BOOL_CONVERSION = YES;
				CLANG_WARN_COMMA = YES;
				CLANG_WARN_CONSTANT_CONVERSION = YES;
				CLANG_WARN_DEPRECATED_OBJC_IMPLEMENTATIONS = YES;
				CLANG_WARN_DIRECT_OBJC_ISA_USAGE = YES_ERROR;
				CLANG_WARN_DOCUMENTATION_COMMENTS = YES;
				CLANG_WARN_EMPTY_BODY = YES;
				CLANG_WARN_ENUM_CONVERSION = YES;
				CLANG_WARN_INFINITE_RECURSION = YES;
				CLANG_WARN_INT_CONVERSION = YES;
				CLANG_WARN_NON_LITERAL_NULL_CONVERSION = YES;
				CLANG_WARN_OBJC_IMPLICIT_RETAIN_SELF = YES;
				CLANG_WARN_OBJC_LITERAL_CONVERSION = YES;
				CLANG_WARN_OBJC_ROOT_CLASS = YES_ERROR;
				CLANG_WARN_RANGE_LOOP_ANALYSIS = YES;
				CLANG_WARN_STRICT_PROTOTYPES = YES;
				CLANG_WARN_SUSPICIOUS_MOVE = YES;
				CLANG_WARN_UNGUARDED_AVAILABILITY = YES_AGGRESSIVE;
				CLANG_WARN_UNREACHABLE_CODE = YES;
				CLANG_WARN__DUPLICATE_METHOD_MATCH = YES;
				CODE_SIGN_IDENTITY = "iPhone Developer";
				COPY_PHASE_STRIP = NO;
				DEBUG_INFORMATION_FORMAT = dwarf;
				ENABLE_STRICT_OBJC_MSGSEND = YES;
				ENABLE_TESTABILITY = YES;
				GCC_C_LANGUAGE_STANDARD = gnu11;
				GCC_DYNAMIC_NO_PIC = NO;
				GCC_NO_COMMON_BLOCKS = YES;
				GCC_OPTIMIZATION_LEVEL = 0;
				GCC_PREPROCESSOR_DEFINITIONS = (
					"DEBUG=1",
					"$(inherited)",
				);
				GCC_WARN_64_TO_32_BIT_CONVERSION = YES;
				GCC_WARN_ABOUT_RETURN_TYPE = YES_ERROR;
				GCC_WARN_UNDECLARED_SELECTOR = YES;
				GCC_WARN_UNINITIALIZED_AUTOS = YES_AGGRESSIVE;
				GCC_WARN_UNUSED_FUNCTION = YES;
				GCC_WARN_UNUSED_VARIABLE = YES;
				IPHONEOS_DEPLOYMENT_TARGET = 12.1;
				MTL_ENABLE_DEBUG_INFO = INCLUDE_SOURCE;
				MTL_FAST_MATH = YES;
				ONLY_ACTIVE_ARCH = YES;
				SDKROOT = iphoneos;
				SWIFT_ACTIVE_COMPILATION_CONDITIONS = DEBUG;
				SWIFT_OPTIMIZATION_LEVEL = "-Onone";
			};
			name = Debug;
		};
		2B27D708222CC77600CFE6EB /* Release */ = {
			isa = XCBuildConfiguration;
			buildSettings = {
				ALWAYS_SEARCH_USER_PATHS = NO;
				CLANG_ANALYZER_NONNULL = YES;
				CLANG_ANALYZER_NUMBER_OBJECT_CONVERSION = YES_AGGRESSIVE;
				CLANG_CXX_LANGUAGE_STANDARD = "gnu++14";
				CLANG_CXX_LIBRARY = "libc++";
				CLANG_ENABLE_MODULES = YES;
				CLANG_ENABLE_OBJC_ARC = YES;
				CLANG_ENABLE_OBJC_WEAK = YES;
				CLANG_WARN_BLOCK_CAPTURE_AUTORELEASING = YES;
				CLANG_WARN_BOOL_CONVERSION = YES;
				CLANG_WARN_COMMA = YES;
				CLANG_WARN_CONSTANT_CONVERSION = YES;
				CLANG_WARN_DEPRECATED_OBJC_IMPLEMENTATIONS = YES;
				CLANG_WARN_DIRECT_OBJC_ISA_USAGE = YES_ERROR;
				CLANG_WARN_DOCUMENTATION_COMMENTS = YES;
				CLANG_WARN_EMPTY_BODY = YES;
				CLANG_WARN_ENUM_CONVERSION = YES;
				CLANG_WARN_INFINITE_RECURSION = YES;
				CLANG_WARN_INT_CONVERSION = YES;
				CLANG_WARN_NON_LITERAL_NULL_CONVERSION = YES;
				CLANG_WARN_OBJC_IMPLICIT_RETAIN_SELF = YES;
				CLANG_WARN_OBJC_LITERAL_CONVERSION = YES;
				CLANG_WARN_OBJC_ROOT_CLASS = YES_ERROR;
				CLANG_WARN_RANGE_LOOP_ANALYSIS = YES;
				CLANG_WARN_STRICT_PROTOTYPES = YES;
				CLANG_WARN_SUSPICIOUS_MOVE = YES;
				CLANG_WARN_UNGUARDED_AVAILABILITY = YES_AGGRESSIVE;
				CLANG_WARN_UNREACHABLE_CODE = YES;
				CLANG_WARN__DUPLICATE_METHOD_MATCH = YES;
				CODE_SIGN_IDENTITY = "iPhone Developer";
				COPY_PHASE_STRIP = NO;
				DEBUG_INFORMATION_FORMAT = "dwarf-with-dsym";
				ENABLE_NS_ASSERTIONS = NO;
				ENABLE_STRICT_OBJC_MSGSEND = YES;
				GCC_C_LANGUAGE_STANDARD = gnu11;
				GCC_NO_COMMON_BLOCKS = YES;
				GCC_WARN_64_TO_32_BIT_CONVERSION = YES;
				GCC_WARN_ABOUT_RETURN_TYPE = YES_ERROR;
				GCC_WARN_UNDECLARED_SELECTOR = YES;
				GCC_WARN_UNINITIALIZED_AUTOS = YES_AGGRESSIVE;
				GCC_WARN_UNUSED_FUNCTION = YES;
				GCC_WARN_UNUSED_VARIABLE = YES;
				IPHONEOS_DEPLOYMENT_TARGET = 12.1;
				MTL_ENABLE_DEBUG_INFO = NO;
				MTL_FAST_MATH = YES;
				SDKROOT = iphoneos;
				SWIFT_COMPILATION_MODE = wholemodule;
				SWIFT_OPTIMIZATION_LEVEL = "-O";
				VALIDATE_PRODUCT = YES;
			};
			name = Release;
		};
		2B27D70A222CC77600CFE6EB /* Debug */ = {
			isa = XCBuildConfiguration;
			buildSettings = {
				ASSETCATALOG_COMPILER_APPICON_NAME = AppIcon;
				CODE_SIGN_STYLE = Automatic;
				DEVELOPMENT_TEAM = FUTX5SW86N;
				INFOPLIST_FILE = "day7-SimpleCamera/Info.plist";
				LD_RUNPATH_SEARCH_PATHS = (
					"$(inherited)",
					"@executable_path/Frameworks",
				);
				PRODUCT_BUNDLE_IDENTIFIER = "Eddie.day7-SimpleCamera";
				PRODUCT_NAME = "$(TARGET_NAME)";
				SWIFT_VERSION = 4.2;
				TARGETED_DEVICE_FAMILY = "1,2";
			};
			name = Debug;
		};
		2B27D70B222CC77600CFE6EB /* Release */ = {
			isa = XCBuildConfiguration;
			buildSettings = {
				ASSETCATALOG_COMPILER_APPICON_NAME = AppIcon;
				CODE_SIGN_STYLE = Automatic;
				DEVELOPMENT_TEAM = FUTX5SW86N;
				INFOPLIST_FILE = "day7-SimpleCamera/Info.plist";
				LD_RUNPATH_SEARCH_PATHS = (
					"$(inherited)",
					"@executable_path/Frameworks",
				);
				PRODUCT_BUNDLE_IDENTIFIER = "Eddie.day7-SimpleCamera";
				PRODUCT_NAME = "$(TARGET_NAME)";
				SWIFT_VERSION = 4.2;
				TARGETED_DEVICE_FAMILY = "1,2";
			};
			name = Release;
		};
		2B27D70D222CC77600CFE6EB /* Debug */ = {
			isa = XCBuildConfiguration;
			buildSettings = {
				ALWAYS_EMBED_SWIFT_STANDARD_LIBRARIES = YES;
				BUNDLE_LOADER = "$(TEST_HOST)";
				CODE_SIGN_STYLE = Automatic;
				DEVELOPMENT_TEAM = FUTX5SW86N;
				INFOPLIST_FILE = "day7-SimpleCameraTests/Info.plist";
				LD_RUNPATH_SEARCH_PATHS = (
					"$(inherited)",
					"@executable_path/Frameworks",
					"@loader_path/Frameworks",
				);
				PRODUCT_BUNDLE_IDENTIFIER = "Eddie.day7-SimpleCameraTests";
				PRODUCT_NAME = "$(TARGET_NAME)";
				SWIFT_VERSION = 4.2;
				TARGETED_DEVICE_FAMILY = "1,2";
				TEST_HOST = "$(BUILT_PRODUCTS_DIR)/day7-SimpleCamera.app/day7-SimpleCamera";
			};
			name = Debug;
		};
		2B27D70E222CC77600CFE6EB /* Release */ = {
			isa = XCBuildConfiguration;
			buildSettings = {
				ALWAYS_EMBED_SWIFT_STANDARD_LIBRARIES = YES;
				BUNDLE_LOADER = "$(TEST_HOST)";
				CODE_SIGN_STYLE = Automatic;
				DEVELOPMENT_TEAM = FUTX5SW86N;
				INFOPLIST_FILE = "day7-SimpleCameraTests/Info.plist";
				LD_RUNPATH_SEARCH_PATHS = (
					"$(inherited)",
					"@executable_path/Frameworks",
					"@loader_path/Frameworks",
				);
				PRODUCT_BUNDLE_IDENTIFIER = "Eddie.day7-SimpleCameraTests";
				PRODUCT_NAME = "$(TARGET_NAME)";
				SWIFT_VERSION = 4.2;
				TARGETED_DEVICE_FAMILY = "1,2";
				TEST_HOST = "$(BUILT_PRODUCTS_DIR)/day7-SimpleCamera.app/day7-SimpleCamera";
			};
			name = Release;
		};
		2B27D710222CC77600CFE6EB /* Debug */ = {
			isa = XCBuildConfiguration;
			buildSettings = {
				ALWAYS_EMBED_SWIFT_STANDARD_LIBRARIES = YES;
				CODE_SIGN_STYLE = Automatic;
				DEVELOPMENT_TEAM = FUTX5SW86N;
				INFOPLIST_FILE = "day7-SimpleCameraUITests/Info.plist";
				LD_RUNPATH_SEARCH_PATHS = (
					"$(inherited)",
					"@executable_path/Frameworks",
					"@loader_path/Frameworks",
				);
				PRODUCT_BUNDLE_IDENTIFIER = "Eddie.day7-SimpleCameraUITests";
				PRODUCT_NAME = "$(TARGET_NAME)";
				SWIFT_VERSION = 4.2;
				TARGETED_DEVICE_FAMILY = "1,2";
				TEST_TARGET_NAME = "day7-SimpleCamera";
			};
			name = Debug;
		};
		2B27D711222CC77600CFE6EB /* Release */ = {
			isa = XCBuildConfiguration;
			buildSettings = {
				ALWAYS_EMBED_SWIFT_STANDARD_LIBRARIES = YES;
				CODE_SIGN_STYLE = Automatic;
				DEVELOPMENT_TEAM = FUTX5SW86N;
				INFOPLIST_FILE = "day7-SimpleCameraUITests/Info.plist";
				LD_RUNPATH_SEARCH_PATHS = (
					"$(inherited)",
					"@executable_path/Frameworks",
					"@loader_path/Frameworks",
				);
				PRODUCT_BUNDLE_IDENTIFIER = "Eddie.day7-SimpleCameraUITests";
				PRODUCT_NAME = "$(TARGET_NAME)";
				SWIFT_VERSION = 4.2;
				TARGETED_DEVICE_FAMILY = "1,2";
				TEST_TARGET_NAME = "day7-SimpleCamera";
			};
			name = Release;
		};
/* End XCBuildConfiguration section */

/* Begin XCConfigurationList section */
		2B27D6DC222CC77400CFE6EB /* Build configuration list for PBXProject "day7-SimpleCamera" */ = {
			isa = XCConfigurationList;
			buildConfigurations = (
				2B27D707222CC77600CFE6EB /* Debug */,
				2B27D708222CC77600CFE6EB /* Release */,
			);
			defaultConfigurationIsVisible = 0;
			defaultConfigurationName = Release;
		};
		2B27D709222CC77600CFE6EB /* Build configuration list for PBXNativeTarget "day7-SimpleCamera" */ = {
			isa = XCConfigurationList;
			buildConfigurations = (
				2B27D70A222CC77600CFE6EB /* Debug */,
				2B27D70B222CC77600CFE6EB /* Release */,
			);
			defaultConfigurationIsVisible = 0;
			defaultConfigurationName = Release;
		};
		2B27D70C222CC77600CFE6EB /* Build configuration list for PBXNativeTarget "day7-SimpleCameraTests" */ = {
			isa = XCConfigurationList;
			buildConfigurations = (
				2B27D70D222CC77600CFE6EB /* Debug */,
				2B27D70E222CC77600CFE6EB /* Release */,
			);
			defaultConfigurationIsVisible = 0;
			defaultConfigurationName = Release;
		};
		2B27D70F222CC77600CFE6EB /* Build configuration list for PBXNativeTarget "day7-SimpleCameraUITests" */ = {
			isa = XCConfigurationList;
			buildConfigurations = (
				2B27D710222CC77600CFE6EB /* Debug */,
				2B27D711222CC77600CFE6EB /* Release */,
			);
			defaultConfigurationIsVisible = 0;
			defaultConfigurationName = Release;
		};
/* End XCConfigurationList section */
	};
	rootObject = 2B27D6D9222CC77400CFE6EB /* Project object */;
}
